
Microsoft Visual Studio Solution File, Format Version 12.00
# Visual Studio Version 16
VisualStudioVersion = 16.0.30621.155
MinimumVisualStudioVersion = 10.0.40219.1
Project("{9A19103F-16F7-4668-BE54-9A1E7A4F7556}") = "SaphyreProject.Main", "SaphyreProject.Main\SaphyreProject.Main.csproj", "{B90D45A7-C2F6-46B9-A259-B177A31CC803}"
EndProject
Project("{9A19103F-16F7-4668-BE54-9A1E7A4F7556}") = "SaphyreProject.Blazor", "SaphyreProject.Blazor\SaphyreProject.Blazor.csproj", "{CF937036-2A5F-49AE-A22E-E638608CF226}"
EndProject
Project("{9A19103F-16F7-4668-BE54-9A1E7A4F7556}") = "SaphyreProject.Shared", "SaphyreProject.Shared\SaphyreProject.Shared.csproj", "{7222D081-FA6A-4531-ABC7-44E983EFA974}"
EndProject
Global
	GlobalSection(SolutionConfigurationPlatforms) = preSolution
		Debug|Any CPU = Debug|Any CPU
		Release|Any CPU = Release|Any CPU
	EndGlobalSection
	GlobalSection(ProjectConfigurationPlatforms) = postSolution
		{B90D45A7-C2F6-46B9-A259-B177A31CC803}.Debug|Any CPU.ActiveCfg = Debug|Any CPU
		{B90D45A7-C2F6-46B9-A259-B177A31CC803}.Debug|Any CPU.Build.0 = Debug|Any CPU
		{B90D45A7-C2F6-46B9-A259-B177A31CC803}.Release|Any CPU.ActiveCfg = Release|Any CPU
		{B90D45A7-C2F6-46B9-A259-B177A31CC803}.Release|Any CPU.Build.0 = Release|Any CPU
		{CF937036-2A5F-49AE-A22E-E638608CF226}.Debug|Any CPU.ActiveCfg = Debug|Any CPU
		{CF937036-2A5F-49AE-A22E-E638608CF226}.Debug|Any CPU.Build.0 = Debug|Any CPU
		{CF937036-2A5F-49AE-A22E-E638608CF226}.Release|Any CPU.ActiveCfg = Release|Any CPU
		{CF937036-2A5F-49AE-A22E-E638608CF226}.Release|Any CPU.Build.0 = Release|Any CPU
		{7222D081-FA6A-4531-ABC7-44E983EFA974}.Debug|Any CPU.ActiveCfg = Debug|Any CPU
		{7222D081-FA6A-4531-ABC7-44E983EFA974}.Debug|Any CPU.Build.0 = Debug|Any CPU
		{7222D081-FA6A-4531-ABC7-44E983EFA974}.Release|Any CPU.ActiveCfg = Release|Any CPU
		{7222D081-FA6A-4531-ABC7-44E983EFA974}.Release|Any CPU.Build.0 = Release|Any CPU
	EndGlobalSection
	GlobalSection(SolutionProperties) = preSolution
		HideSolutionNode = FALSE
	EndGlobalSection
	GlobalSection(ExtensibilityGlobals) = postSolution
		SolutionGuid = {C0D73CA5-63F4-48DD-9243-1DDC4924554B}
	EndGlobalSection
EndGlobal
